
Microsoft Visual Studio Solution File, Format Version 12.00
# Visual Studio Version 17
VisualStudioVersion = 17.8.34330.188
MinimumVisualStudioVersion = 10.0.40219.1
Project("{FAE04EC0-301F-11D3-BF4B-00C04F79EFBC}") = "Fkey", "Fkey\Fkey.csproj", "{615F474E-1640-4CE4-9681-8C54125DB7B7}"
EndProject
Global
	GlobalSection(SolutionConfigurationPlatforms) = preSolution
		Debug|Any CPU = Debug|Any CPU
		Release|Any CPU = Release|Any CPU
	EndGlobalSection
	GlobalSection(ProjectConfigurationPlatforms) = postSolution
		{615F474E-1640-4CE4-9681-8C54125DB7B7}.Debug|Any CPU.ActiveCfg = Debug|Any CPU
		{615F474E-1640-4CE4-9681-8C54125DB7B7}.Debug|Any CPU.Build.0 = Debug|Any CPU
		{615F474E-1640-4CE4-9681-8C54125DB7B7}.Release|Any CPU.ActiveCfg = Release|Any CPU
		{615F474E-1640-4CE4-9681-8C54125DB7B7}.Release|Any CPU.Build.0 = Release|Any CPU
	EndGlobalSection
	GlobalSection(SolutionProperties) = preSolution
		HideSolutionNode = FALSE
	EndGlobalSection
	GlobalSection(ExtensibilityGlobals) = postSolution
		SolutionGuid = {82FA1205-4D69-49C8-978E-223B04C86327}
	EndGlobalSection
EndGlobal
