
Microsoft Visual Studio Solution File, Format Version 12.00
# Visual Studio Version 17
VisualStudioVersion = 17.8.34330.188
MinimumVisualStudioVersion = 10.0.40219.1
Project("{FAE04EC0-301F-11D3-BF4B-00C04F79EFBC}") = "SqareRootOfsum", "SqareRootOfsum\SqareRootOfsum.csproj", "{B5C7AFDA-89BF-492B-917C-4CCA44B172EF}"
EndProject
Global
	GlobalSection(SolutionConfigurationPlatforms) = preSolution
		Debug|Any CPU = Debug|Any CPU
		Release|Any CPU = Release|Any CPU
	EndGlobalSection
	GlobalSection(ProjectConfigurationPlatforms) = postSolution
		{B5C7AFDA-89BF-492B-917C-4CCA44B172EF}.Debug|Any CPU.ActiveCfg = Debug|Any CPU
		{B5C7AFDA-89BF-492B-917C-4CCA44B172EF}.Debug|Any CPU.Build.0 = Debug|Any CPU
		{B5C7AFDA-89BF-492B-917C-4CCA44B172EF}.Release|Any CPU.ActiveCfg = Release|Any CPU
		{B5C7AFDA-89BF-492B-917C-4CCA44B172EF}.Release|Any CPU.Build.0 = Release|Any CPU
	EndGlobalSection
	GlobalSection(SolutionProperties) = preSolution
		HideSolutionNode = FALSE
	EndGlobalSection
	GlobalSection(ExtensibilityGlobals) = postSolution
		SolutionGuid = {B6C4C541-10A0-42C6-BF02-DC9927AF8CEE}
	EndGlobalSection
EndGlobal
