
Microsoft Visual Studio Solution File, Format Version 12.00
# Visual Studio Version 17
VisualStudioVersion = 17.8.34330.188
MinimumVisualStudioVersion = 10.0.40219.1
Project("{FAE04EC0-301F-11D3-BF4B-00C04F79EFBC}") = "ot89iuuikujuhnn;", "ot89iuuikujuhnn;\ot89iuuikujuhnn;.csproj", "{5869AD7F-BB8B-4FB4-95F2-2816C1A80AAA}"
EndProject
Global
	GlobalSection(SolutionConfigurationPlatforms) = preSolution
		Debug|Any CPU = Debug|Any CPU
		Release|Any CPU = Release|Any CPU
	EndGlobalSection
	GlobalSection(ProjectConfigurationPlatforms) = postSolution
		{5869AD7F-BB8B-4FB4-95F2-2816C1A80AAA}.Debug|Any CPU.ActiveCfg = Debug|Any CPU
		{5869AD7F-BB8B-4FB4-95F2-2816C1A80AAA}.Debug|Any CPU.Build.0 = Debug|Any CPU
		{5869AD7F-BB8B-4FB4-95F2-2816C1A80AAA}.Release|Any CPU.ActiveCfg = Release|Any CPU
		{5869AD7F-BB8B-4FB4-95F2-2816C1A80AAA}.Release|Any CPU.Build.0 = Release|Any CPU
	EndGlobalSection
	GlobalSection(SolutionProperties) = preSolution
		HideSolutionNode = FALSE
	EndGlobalSection
	GlobalSection(ExtensibilityGlobals) = postSolution
		SolutionGuid = {2190B2F1-4139-49D8-AF50-B07E2BC1FB46}
	EndGlobalSection
EndGlobal
