
Microsoft Visual Studio Solution File, Format Version 12.00
# Visual Studio Version 17
VisualStudioVersion = 17.8.34330.188
MinimumVisualStudioVersion = 10.0.40219.1
Project("{FAE04EC0-301F-11D3-BF4B-00C04F79EFBC}") = "AverageOfNumbers", "AverageOfNumbers\AverageOfNumbers.csproj", "{74C0767D-62FE-49F7-81CD-87C81819FAD5}"
EndProject
Global
	GlobalSection(SolutionConfigurationPlatforms) = preSolution
		Debug|Any CPU = Debug|Any CPU
		Release|Any CPU = Release|Any CPU
	EndGlobalSection
	GlobalSection(ProjectConfigurationPlatforms) = postSolution
		{74C0767D-62FE-49F7-81CD-87C81819FAD5}.Debug|Any CPU.ActiveCfg = Debug|Any CPU
		{74C0767D-62FE-49F7-81CD-87C81819FAD5}.Debug|Any CPU.Build.0 = Debug|Any CPU
		{74C0767D-62FE-49F7-81CD-87C81819FAD5}.Release|Any CPU.ActiveCfg = Release|Any CPU
		{74C0767D-62FE-49F7-81CD-87C81819FAD5}.Release|Any CPU.Build.0 = Release|Any CPU
	EndGlobalSection
	GlobalSection(SolutionProperties) = preSolution
		HideSolutionNode = FALSE
	EndGlobalSection
	GlobalSection(ExtensibilityGlobals) = postSolution
		SolutionGuid = {99993CBF-C8AD-445A-B190-0AF7CD22E25E}
	EndGlobalSection
EndGlobal
