
Microsoft Visual Studio Solution File, Format Version 12.00
# Visual Studio Version 17
VisualStudioVersion = 17.8.34330.188
MinimumVisualStudioVersion = 10.0.40219.1
Project("{FAE04EC0-301F-11D3-BF4B-00C04F79EFBC}") = "starSignApp", "starSignApp\starSignApp.csproj", "{3873577F-CC62-486B-84C3-FE6423F7A150}"
EndProject
Global
	GlobalSection(SolutionConfigurationPlatforms) = preSolution
		Debug|Any CPU = Debug|Any CPU
		Release|Any CPU = Release|Any CPU
	EndGlobalSection
	GlobalSection(ProjectConfigurationPlatforms) = postSolution
		{3873577F-CC62-486B-84C3-FE6423F7A150}.Debug|Any CPU.ActiveCfg = Debug|Any CPU
		{3873577F-CC62-486B-84C3-FE6423F7A150}.Debug|Any CPU.Build.0 = Debug|Any CPU
		{3873577F-CC62-486B-84C3-FE6423F7A150}.Release|Any CPU.ActiveCfg = Release|Any CPU
		{3873577F-CC62-486B-84C3-FE6423F7A150}.Release|Any CPU.Build.0 = Release|Any CPU
	EndGlobalSection
	GlobalSection(SolutionProperties) = preSolution
		HideSolutionNode = FALSE
	EndGlobalSection
	GlobalSection(ExtensibilityGlobals) = postSolution
		SolutionGuid = {FC2C1864-CAAA-4D4B-8F21-FD7D85F4C74D}
	EndGlobalSection
EndGlobal
