
Microsoft Visual Studio Solution File, Format Version 12.00
# Visual Studio Version 17
VisualStudioVersion = 17.8.34330.188
MinimumVisualStudioVersion = 10.0.40219.1
Project("{FAE04EC0-301F-11D3-BF4B-00C04F79EFBC}") = "Addition formula", "Addition formula\Addition formula.csproj", "{A345D934-C30F-42C6-9CB1-245248C0DA32}"
EndProject
Global
	GlobalSection(SolutionConfigurationPlatforms) = preSolution
		Debug|Any CPU = Debug|Any CPU
		Release|Any CPU = Release|Any CPU
	EndGlobalSection
	GlobalSection(ProjectConfigurationPlatforms) = postSolution
		{A345D934-C30F-42C6-9CB1-245248C0DA32}.Debug|Any CPU.ActiveCfg = Debug|Any CPU
		{A345D934-C30F-42C6-9CB1-245248C0DA32}.Debug|Any CPU.Build.0 = Debug|Any CPU
		{A345D934-C30F-42C6-9CB1-245248C0DA32}.Release|Any CPU.ActiveCfg = Release|Any CPU
		{A345D934-C30F-42C6-9CB1-245248C0DA32}.Release|Any CPU.Build.0 = Release|Any CPU
	EndGlobalSection
	GlobalSection(SolutionProperties) = preSolution
		HideSolutionNode = FALSE
	EndGlobalSection
	GlobalSection(ExtensibilityGlobals) = postSolution
		SolutionGuid = {B2B6B9EB-A116-4A6D-A0FF-8C8E55D1031E}
	EndGlobalSection
EndGlobal
