
Microsoft Visual Studio Solution File, Format Version 12.00
# Visual Studio Version 17
VisualStudioVersion = 17.8.34330.188
MinimumVisualStudioVersion = 10.0.40219.1
Project("{FAE04EC0-301F-11D3-BF4B-00C04F79EFBC}") = "doLoop", "doLoop\doLoop.csproj", "{4A634922-1CDD-4A8A-8DF4-7B3016AF5998}"
EndProject
Global
	GlobalSection(SolutionConfigurationPlatforms) = preSolution
		Debug|Any CPU = Debug|Any CPU
		Release|Any CPU = Release|Any CPU
	EndGlobalSection
	GlobalSection(ProjectConfigurationPlatforms) = postSolution
		{4A634922-1CDD-4A8A-8DF4-7B3016AF5998}.Debug|Any CPU.ActiveCfg = Debug|Any CPU
		{4A634922-1CDD-4A8A-8DF4-7B3016AF5998}.Debug|Any CPU.Build.0 = Debug|Any CPU
		{4A634922-1CDD-4A8A-8DF4-7B3016AF5998}.Release|Any CPU.ActiveCfg = Release|Any CPU
		{4A634922-1CDD-4A8A-8DF4-7B3016AF5998}.Release|Any CPU.Build.0 = Release|Any CPU
	EndGlobalSection
	GlobalSection(SolutionProperties) = preSolution
		HideSolutionNode = FALSE
	EndGlobalSection
	GlobalSection(ExtensibilityGlobals) = postSolution
		SolutionGuid = {1A31206A-B288-4FB3-9F43-FFCA93A4F6AB}
	EndGlobalSection
EndGlobal
