
Microsoft Visual Studio Solution File, Format Version 12.00
# Visual Studio Version 17
VisualStudioVersion = 17.8.34330.188
MinimumVisualStudioVersion = 10.0.40219.1
Project("{FAE04EC0-301F-11D3-BF4B-00C04F79EFBC}") = "LeapYear", "LeapYear\LeapYear.csproj", "{7394831A-48C7-41D3-9B6E-9D5698275687}"
EndProject
Global
	GlobalSection(SolutionConfigurationPlatforms) = preSolution
		Debug|Any CPU = Debug|Any CPU
		Release|Any CPU = Release|Any CPU
	EndGlobalSection
	GlobalSection(ProjectConfigurationPlatforms) = postSolution
		{7394831A-48C7-41D3-9B6E-9D5698275687}.Debug|Any CPU.ActiveCfg = Debug|Any CPU
		{7394831A-48C7-41D3-9B6E-9D5698275687}.Debug|Any CPU.Build.0 = Debug|Any CPU
		{7394831A-48C7-41D3-9B6E-9D5698275687}.Release|Any CPU.ActiveCfg = Release|Any CPU
		{7394831A-48C7-41D3-9B6E-9D5698275687}.Release|Any CPU.Build.0 = Release|Any CPU
	EndGlobalSection
	GlobalSection(SolutionProperties) = preSolution
		HideSolutionNode = FALSE
	EndGlobalSection
	GlobalSection(ExtensibilityGlobals) = postSolution
		SolutionGuid = {6ED0EC6B-1F6C-4115-BC25-64AC555C7844}
	EndGlobalSection
EndGlobal
