
Microsoft Visual Studio Solution File, Format Version 12.00
# Visual Studio Version 17
VisualStudioVersion = 17.8.34330.188
MinimumVisualStudioVersion = 10.0.40219.1
Project("{FAE04EC0-301F-11D3-BF4B-00C04F79EFBC}") = "SumofASequence", "SumofASequence\SumofASequence.csproj", "{4C55D5C8-4FCA-4109-9CD1-9F6786315579}"
EndProject
Global
	GlobalSection(SolutionConfigurationPlatforms) = preSolution
		Debug|Any CPU = Debug|Any CPU
		Release|Any CPU = Release|Any CPU
	EndGlobalSection
	GlobalSection(ProjectConfigurationPlatforms) = postSolution
		{4C55D5C8-4FCA-4109-9CD1-9F6786315579}.Debug|Any CPU.ActiveCfg = Debug|Any CPU
		{4C55D5C8-4FCA-4109-9CD1-9F6786315579}.Debug|Any CPU.Build.0 = Debug|Any CPU
		{4C55D5C8-4FCA-4109-9CD1-9F6786315579}.Release|Any CPU.ActiveCfg = Release|Any CPU
		{4C55D5C8-4FCA-4109-9CD1-9F6786315579}.Release|Any CPU.Build.0 = Release|Any CPU
	EndGlobalSection
	GlobalSection(SolutionProperties) = preSolution
		HideSolutionNode = FALSE
	EndGlobalSection
	GlobalSection(ExtensibilityGlobals) = postSolution
		SolutionGuid = {2CD8807F-205E-46E3-A3E1-4637EF61246B}
	EndGlobalSection
EndGlobal
