
Microsoft Visual Studio Solution File, Format Version 12.00
# Visual Studio Version 17
VisualStudioVersion = 17.8.34330.188
MinimumVisualStudioVersion = 10.0.40219.1
Project("{FAE04EC0-301F-11D3-BF4B-00C04F79EFBC}") = "Adulthood", "Adulthood\Adulthood.csproj", "{F1C036FA-02C7-49C7-A73B-A9590E7E7DD3}"
EndProject
Global
	GlobalSection(SolutionConfigurationPlatforms) = preSolution
		Debug|Any CPU = Debug|Any CPU
		Release|Any CPU = Release|Any CPU
	EndGlobalSection
	GlobalSection(ProjectConfigurationPlatforms) = postSolution
		{F1C036FA-02C7-49C7-A73B-A9590E7E7DD3}.Debug|Any CPU.ActiveCfg = Debug|Any CPU
		{F1C036FA-02C7-49C7-A73B-A9590E7E7DD3}.Debug|Any CPU.Build.0 = Debug|Any CPU
		{F1C036FA-02C7-49C7-A73B-A9590E7E7DD3}.Release|Any CPU.ActiveCfg = Release|Any CPU
		{F1C036FA-02C7-49C7-A73B-A9590E7E7DD3}.Release|Any CPU.Build.0 = Release|Any CPU
	EndGlobalSection
	GlobalSection(SolutionProperties) = preSolution
		HideSolutionNode = FALSE
	EndGlobalSection
	GlobalSection(ExtensibilityGlobals) = postSolution
		SolutionGuid = {BAC571BE-8975-417E-84C5-48986C2EE2A0}
	EndGlobalSection
EndGlobal
