
Microsoft Visual Studio Solution File, Format Version 12.00
# Visual Studio Version 17
VisualStudioVersion = 17.8.34330.188
MinimumVisualStudioVersion = 10.0.40219.1
Project("{FAE04EC0-301F-11D3-BF4B-00C04F79EFBC}") = "froWhereToWhere", "froWhereToWhere\froWhereToWhere.csproj", "{961CD61C-335C-4197-BBAE-C4E5526F1BBF}"
EndProject
Global
	GlobalSection(SolutionConfigurationPlatforms) = preSolution
		Debug|Any CPU = Debug|Any CPU
		Release|Any CPU = Release|Any CPU
	EndGlobalSection
	GlobalSection(ProjectConfigurationPlatforms) = postSolution
		{961CD61C-335C-4197-BBAE-C4E5526F1BBF}.Debug|Any CPU.ActiveCfg = Debug|Any CPU
		{961CD61C-335C-4197-BBAE-C4E5526F1BBF}.Debug|Any CPU.Build.0 = Debug|Any CPU
		{961CD61C-335C-4197-BBAE-C4E5526F1BBF}.Release|Any CPU.ActiveCfg = Release|Any CPU
		{961CD61C-335C-4197-BBAE-C4E5526F1BBF}.Release|Any CPU.Build.0 = Release|Any CPU
	EndGlobalSection
	GlobalSection(SolutionProperties) = preSolution
		HideSolutionNode = FALSE
	EndGlobalSection
	GlobalSection(ExtensibilityGlobals) = postSolution
		SolutionGuid = {5887BDB7-267E-4120-B30C-2A89C4D7089F}
	EndGlobalSection
EndGlobal
