
Microsoft Visual Studio Solution File, Format Version 12.00
# Visual Studio Version 17
VisualStudioVersion = 17.8.34330.188
MinimumVisualStudioVersion = 10.0.40219.1
Project("{FAE04EC0-301F-11D3-BF4B-00C04F79EFBC}") = "display", "display\display.csproj", "{B7DABD74-4DF5-442F-A9E9-04002B3135F9}"
EndProject
Global
	GlobalSection(SolutionConfigurationPlatforms) = preSolution
		Debug|Any CPU = Debug|Any CPU
		Release|Any CPU = Release|Any CPU
	EndGlobalSection
	GlobalSection(ProjectConfigurationPlatforms) = postSolution
		{B7DABD74-4DF5-442F-A9E9-04002B3135F9}.Debug|Any CPU.ActiveCfg = Debug|Any CPU
		{B7DABD74-4DF5-442F-A9E9-04002B3135F9}.Debug|Any CPU.Build.0 = Debug|Any CPU
		{B7DABD74-4DF5-442F-A9E9-04002B3135F9}.Release|Any CPU.ActiveCfg = Release|Any CPU
		{B7DABD74-4DF5-442F-A9E9-04002B3135F9}.Release|Any CPU.Build.0 = Release|Any CPU
	EndGlobalSection
	GlobalSection(SolutionProperties) = preSolution
		HideSolutionNode = FALSE
	EndGlobalSection
	GlobalSection(ExtensibilityGlobals) = postSolution
		SolutionGuid = {806B1C24-127C-4D6F-A271-07C60C91654E}
	EndGlobalSection
EndGlobal
