
Microsoft Visual Studio Solution File, Format Version 12.00
# Visual Studio Version 17
VisualStudioVersion = 17.8.34330.188
MinimumVisualStudioVersion = 10.0.40219.1
Project("{FAE04EC0-301F-11D3-BF4B-00C04F79EFBC}") = "CountingToHundread", "CountingToHundread\CountingToHundread.csproj", "{6977F4F4-C05D-4001-B60D-F2A005A607C0}"
EndProject
Global
	GlobalSection(SolutionConfigurationPlatforms) = preSolution
		Debug|Any CPU = Debug|Any CPU
		Release|Any CPU = Release|Any CPU
	EndGlobalSection
	GlobalSection(ProjectConfigurationPlatforms) = postSolution
		{6977F4F4-C05D-4001-B60D-F2A005A607C0}.Debug|Any CPU.ActiveCfg = Debug|Any CPU
		{6977F4F4-C05D-4001-B60D-F2A005A607C0}.Debug|Any CPU.Build.0 = Debug|Any CPU
		{6977F4F4-C05D-4001-B60D-F2A005A607C0}.Release|Any CPU.ActiveCfg = Release|Any CPU
		{6977F4F4-C05D-4001-B60D-F2A005A607C0}.Release|Any CPU.Build.0 = Release|Any CPU
	EndGlobalSection
	GlobalSection(SolutionProperties) = preSolution
		HideSolutionNode = FALSE
	EndGlobalSection
	GlobalSection(ExtensibilityGlobals) = postSolution
		SolutionGuid = {7282674B-8932-4F2D-81ED-4EB8C22F3F06}
	EndGlobalSection
EndGlobal
