
Microsoft Visual Studio Solution File, Format Version 12.00
# Visual Studio Version 17
VisualStudioVersion = 17.8.34330.188
MinimumVisualStudioVersion = 10.0.40219.1
Project("{FAE04EC0-301F-11D3-BF4B-00C04F79EFBC}") = "LoopPrint", "LoopPrint\LoopPrint.csproj", "{19C1B66A-5B32-410E-A1B6-00B48BC71AB7}"
EndProject
Global
	GlobalSection(SolutionConfigurationPlatforms) = preSolution
		Debug|Any CPU = Debug|Any CPU
		Release|Any CPU = Release|Any CPU
	EndGlobalSection
	GlobalSection(ProjectConfigurationPlatforms) = postSolution
		{19C1B66A-5B32-410E-A1B6-00B48BC71AB7}.Debug|Any CPU.ActiveCfg = Debug|Any CPU
		{19C1B66A-5B32-410E-A1B6-00B48BC71AB7}.Debug|Any CPU.Build.0 = Debug|Any CPU
		{19C1B66A-5B32-410E-A1B6-00B48BC71AB7}.Release|Any CPU.ActiveCfg = Release|Any CPU
		{19C1B66A-5B32-410E-A1B6-00B48BC71AB7}.Release|Any CPU.Build.0 = Release|Any CPU
	EndGlobalSection
	GlobalSection(SolutionProperties) = preSolution
		HideSolutionNode = FALSE
	EndGlobalSection
	GlobalSection(ExtensibilityGlobals) = postSolution
		SolutionGuid = {F819E059-2065-4BD2-8002-FC6FB9E1EC68}
	EndGlobalSection
EndGlobal
