
Microsoft Visual Studio Solution File, Format Version 12.00
# Visual Studio Version 17
VisualStudioVersion = 17.8.34330.188
MinimumVisualStudioVersion = 10.0.40219.1
Project("{FAE04EC0-301F-11D3-BF4B-00C04F79EFBC}") = "DateTimeVariables", "DateTimeVariables\DateTimeVariables.csproj", "{361EF11F-4336-4E8E-A955-ACCB867AE1FB}"
EndProject
Global
	GlobalSection(SolutionConfigurationPlatforms) = preSolution
		Debug|Any CPU = Debug|Any CPU
		Release|Any CPU = Release|Any CPU
	EndGlobalSection
	GlobalSection(ProjectConfigurationPlatforms) = postSolution
		{361EF11F-4336-4E8E-A955-ACCB867AE1FB}.Debug|Any CPU.ActiveCfg = Debug|Any CPU
		{361EF11F-4336-4E8E-A955-ACCB867AE1FB}.Debug|Any CPU.Build.0 = Debug|Any CPU
		{361EF11F-4336-4E8E-A955-ACCB867AE1FB}.Release|Any CPU.ActiveCfg = Release|Any CPU
		{361EF11F-4336-4E8E-A955-ACCB867AE1FB}.Release|Any CPU.Build.0 = Release|Any CPU
	EndGlobalSection
	GlobalSection(SolutionProperties) = preSolution
		HideSolutionNode = FALSE
	EndGlobalSection
	GlobalSection(ExtensibilityGlobals) = postSolution
		SolutionGuid = {918FBFE2-DB53-4A38-98C3-ADE0941C01ED}
	EndGlobalSection
EndGlobal
